# THIS IS AN AUTOGENERATED FILE. DO NOT EDIT THIS FILE DIRECTLY.
# yarn lockfile v1


"@anvilco/anvil@^3.1.0":
  version "3.1.0"
  resolved "https://registry.npmjs.org/@anvilco/anvil/-/anvil-3.1.0.tgz#a94b7123db934e93180fd1886864b312300f2eca"
  integrity sha512-t34LROUI5eT7raheCzAz/S3sulMifSz+6YIm9t21rwo1H56k1Vm72tw7Yo/4YbBMoPgOAmJdk8VkupeEshtprQ==
  dependencies:
    abort-controller "^3.0.0"
    extract-files "^13"
    limiter "^2.1.0"
    node-fetch "^3.3.2"

abort-controller@^3.0.0:
  version "3.0.0"
  resolved "https://registry.npmjs.org/abort-controller/-/abort-controller-3.0.0.tgz#eaf54d53b62bae4138e809ca225c8439a6efb392"
  integrity sha512-h8lQ8tacZYnR3vNQTgibj+tODHI5/+l06Au2Pcriv/Gmet0eaj4TwWH41sO9wnHDiQsEj19q0drzdWdeAHtweg==
  dependencies:
    event-target-shim "^5.0.0"

data-uri-to-buffer@^4.0.0:
  version "4.0.1"
  resolved "https://registry.npmjs.org/data-uri-to-buffer/-/data-uri-to-buffer-4.0.1.tgz#d8feb2b2881e6a4f58c2e08acfd0e2834e26222e"
  integrity sha512-0R9ikRb668HB7QDxT1vkpuUBtqc53YyAwMwGeUFKRojY/NWKvdZ+9UYtRfGmhqNbRkTSVpMbmyhXipFFv2cb/A==

dotenv@^16.3.1:
  version "16.3.1"
  resolved "https://registry.npmjs.org/dotenv/-/dotenv-16.3.1.tgz#369034de7d7e5b120972693352a3bf112172cc3e"
  integrity sha512-IPzF4w4/Rd94bA9imS68tZBaYyBWSCE47V1RGuMrB94iyTOIEwRmVL2x/4An+6mETpLrKJ5hQkB8W4kFAadeIQ==

event-target-shim@^5.0.0:
  version "5.0.1"
  resolved "https://registry.npmjs.org/event-target-shim/-/event-target-shim-5.0.1.tgz#5d4d3ebdf9583d63a5333ce2deb7480ab2b05789"
  integrity sha512-i/2XbnSz/uxRCU6+NdVJgKWDTM427+MqYbkQzD321DuCQJUqOuJKIA0IM2+W2xtYHdKOmZ4dR6fExsd4SXL+WQ==

extract-files@^13:
  version "13.0.0"
  resolved "https://registry.npmjs.org/extract-files/-/extract-files-13.0.0.tgz#9065073dedbcfb5e2ae8a90988cf609834b217ec"
  integrity sha512-FXD+2Tsr8Iqtm3QZy1Zmwscca7Jx3mMC5Crr+sEP1I303Jy1CYMuYCm7hRTplFNg3XdUavErkxnTzpaqdSoi6g==
  dependencies:
    is-plain-obj "^4.1.0"

fetch-blob@^3.1.2, fetch-blob@^3.1.4:
  version "3.2.0"
  resolved "https://registry.npmjs.org/fetch-blob/-/fetch-blob-3.2.0.tgz#f09b8d4bbd45adc6f0c20b7e787e793e309dcce9"
  integrity sha512-7yAQpD2UMJzLi1Dqv7qFYnPbaPx7ZfFK6PiIxQ4PfkGPyNyl2Ugx+a/umUonmKqjhM4DnfbMvdX6otXq83soQQ==
  dependencies:
    node-domexception "^1.0.0"
    web-streams-polyfill "^3.0.3"

formdata-polyfill@^4.0.10:
  version "4.0.10"
  resolved "https://registry.npmjs.org/formdata-polyfill/-/formdata-polyfill-4.0.10.tgz#24807c31c9d402e002ab3d8c720144ceb8848423"
  integrity sha512-buewHzMvYL29jdeQTVILecSaZKnt/RJWjoZCF5OW60Z67/GmSLBkOFM7qh1PI3zFNtJbaZL5eQu1vLfazOwj4g==
  dependencies:
    fetch-blob "^3.1.2"

is-plain-obj@^4.1.0:
  version "4.1.0"
  resolved "https://registry.npmjs.org/is-plain-obj/-/is-plain-obj-4.1.0.tgz#d65025edec3657ce032fd7db63c97883eaed71f0"
  integrity sha512-+Pgi+vMuUNkJyExiMBt5IlFoMyKnr5zhJ4Uspz58WOhBF5QoIZkFyNHIbBAtHwzVAgk5RtndVNsDRN61/mmDqg==

just-performance@4.3.0:
  version "4.3.0"
  resolved "https://registry.npmjs.org/just-performance/-/just-performance-4.3.0.tgz#cc2bc8c9227f09e97b6b1df4cd0de2df7ae16db1"
  integrity sha512-L7RjvtJsL0QO8xFs5wEoDDzzJwoiowRw6Rn/GnvldlchS2JQr9wFYPiwZcDfrbbujEKqKN0tvENdbjXdYhDp5Q==

limiter@^2.1.0:
  version "2.1.0"
  resolved "https://registry.npmjs.org/limiter/-/limiter-2.1.0.tgz#d38d7c5b63729bb84fb0c4d8594b7e955a5182a2"
  integrity sha512-361TYz6iay6n+9KvUUImqdLuFigK+K79qrUtBsXhJTLdH4rIt/r1y8r1iozwh8KbZNpujbFTSh74mJ7bwbAMOw==
  dependencies:
    just-performance "4.3.0"

node-domexception@^1.0.0:
  version "1.0.0"
  resolved "https://registry.npmjs.org/node-domexception/-/node-domexception-1.0.0.tgz#6888db46a1f71c0b76b3f7555016b63fe64766e5"
  integrity sha512-/jKZoMpw0F8GRwl4/eLROPA3cfcXtLApP0QzLmUT/HuPCZWyB7IY9ZrMeKw2O/nFIqPQB3PVM9aYm0F312AXDQ==

node-fetch@^3.3.2:
  version "3.3.2"
  resolved "https://registry.npmjs.org/node-fetch/-/node-fetch-3.3.2.tgz#d1e889bacdf733b4ff3b2b243eb7a12866a0b78b"
  integrity sha512-dRB78srN/l6gqWulah9SrxeYnxeddIG30+GOqK/9OlLVyLg3HPnr6SqOWTWOXKRwC2eGYCkZ59NNuSgvSrpgOA==
  dependencies:
    data-uri-to-buffer "^4.0.0"
    fetch-blob "^3.1.4"
    formdata-polyfill "^4.0.10"

web-streams-polyfill@^3.0.3:
  version "3.2.1"
  resolved "https://registry.npmjs.org/web-streams-polyfill/-/web-streams-polyfill-3.2.1.tgz#71c2718c52b45fd49dbeee88634b3a60ceab42a6"
  integrity sha512-e0MO3wdXWKrLbL0DgGnUV7WHVuw9OUvL4hjgnPkIeEvESk74gAITi5G606JtZPp39cd8HA9VQzCIvA49LpPN5Q==
